
Microsoft Visual Studio Solution File, Format Version 12.00
# Visual Studio 2013
VisualStudioVersion = 12.0.30723.0
MinimumVisualStudioVersion = 10.0.40219.1
Project("{FAE04EC0-301F-11D3-BF4B-00C04F79EFBC}") = "TP3MultiThreads", "TP3MultiThreads\TP3MultiThreads.csproj", "{5CB3E37C-89C9-45CD-BE7E-D7E71728A5D1}"
EndProject
Global
	GlobalSection(SolutionConfigurationPlatforms) = preSolution
		Debug|Any CPU = Debug|Any CPU
		Release|Any CPU = Release|Any CPU
	EndGlobalSection
	GlobalSection(ProjectConfigurationPlatforms) = postSolution
		{5CB3E37C-89C9-45CD-BE7E-D7E71728A5D1}.Debug|Any CPU.ActiveCfg = Debug|Any CPU
		{5CB3E37C-89C9-45CD-BE7E-D7E71728A5D1}.Debug|Any CPU.Build.0 = Debug|Any CPU
		{5CB3E37C-89C9-45CD-BE7E-D7E71728A5D1}.Release|Any CPU.ActiveCfg = Release|Any CPU
		{5CB3E37C-89C9-45CD-BE7E-D7E71728A5D1}.Release|Any CPU.Build.0 = Release|Any CPU
	EndGlobalSection
	GlobalSection(SolutionProperties) = preSolution
		HideSolutionNode = FALSE
	EndGlobalSection
EndGlobal
